
Microsoft Visual Studio Solution File, Format Version 12.00
# Visual Studio 15
VisualStudioVersion = 15.0.27703.2042
MinimumVisualStudioVersion = 10.0.40219.1
Project("{FAE04EC0-301F-11D3-BF4B-00C04F79EFBC}") = "ApiTest", "ApiTest\ApiTest.csproj", "{A7AC86B9-01CA-42F2-8F8B-FF0EAA47F4B3}"
EndProject
Global
	GlobalSection(SolutionConfigurationPlatforms) = preSolution
		Debug|Any CPU = Debug|Any CPU
		Release|Any CPU = Release|Any CPU
	EndGlobalSection
	GlobalSection(ProjectConfigurationPlatforms) = postSolution
		{A7AC86B9-01CA-42F2-8F8B-FF0EAA47F4B3}.Debug|Any CPU.ActiveCfg = Debug|Any CPU
		{A7AC86B9-01CA-42F2-8F8B-FF0EAA47F4B3}.Debug|Any CPU.Build.0 = Debug|Any CPU
		{A7AC86B9-01CA-42F2-8F8B-FF0EAA47F4B3}.Release|Any CPU.ActiveCfg = Release|Any CPU
		{A7AC86B9-01CA-42F2-8F8B-FF0EAA47F4B3}.Release|Any CPU.Build.0 = Release|Any CPU
	EndGlobalSection
	GlobalSection(SolutionProperties) = preSolution
		HideSolutionNode = FALSE
	EndGlobalSection
	GlobalSection(ExtensibilityGlobals) = postSolution
		SolutionGuid = {FB98549D-29E1-4DA1-B8C1-CB6FB2B8DD41}
	EndGlobalSection
EndGlobal
